// !$*UTF8*$!
{
	archiveVersion = 1;
	classes = {
	};
	objectVersion = 46;
	objects = {
		D8DB07FE938CCE706FF1082F = {
			isa = PBXBuildFile;
			fileRef = 735EAD6F704A3FFFEE4BF104;
		};
		8175BC18F9A8BB3F056A513D = {
			isa = PBXBuildFile;
			fileRef = F8B2475686DD07CCCCEC5822;
		};
		71401B62C13116E8723B96DC = {
			isa = PBXBuildFile;
			fileRef = 906FFA6306841DBE43B03689;
		};
		42AE2B24F42396375C82F765 = {
			isa = PBXBuildFile;
			fileRef = B3492646387D70C535465EC2;
		};
		19B832584C1F1B9CBC99F113 = {
			isa = PBXBuildFile;
			fileRef = 0B19509FF0BE9078A7A5914B;
		};
		B7CA4CB89AF9E6D8E87D6BCA = {
			isa = PBXBuildFile;
			fileRef = DD9F0CBB627A4EDB37C9093C;
		};
		7DC4A7B324083F37C2E5AB56 = {
			isa = PBXBuildFile;
			fileRef = 0BF92139A89342D6697AECE9;
		};
		6340A35545D73BED77F4D967 = {
			isa = PBXBuildFile;
			fileRef = 9FB16EB9C241BB3436B202E3;
		};
		258E5023C2169B08F65A0495 = {
			isa = PBXBuildFile;
			fileRef = BF2B1FCF416A439183CE1494;
		};
		1BCEA863E269158C185D90F5 = {
			isa = PBXBuildFile;
			fileRef = 46295C0D227A4E21267DD4FF;
		};
		2D5D908EE5D4304C349212A3 = {
			isa = PBXBuildFile;
			fileRef = EB4C311B5BA819B0061423B5;
		};
		0B0D6E49723A7B26908DC60A = {
			isa = PBXBuildFile;
			fileRef = 8E02F8DA7D352C8EA98B32CB;
		};
		079ACE41F64AE8CE7DAA1F4D = {
			isa = PBXBuildFile;
			fileRef = 3B7F13AB0C81136209D21F1C;
		};
		83F7D4F4470CF5E21DC5E8A0 = {
			isa = PBXBuildFile;
			fileRef = 850992FE5D9A797E8607A3ED;
		};
		7C867C68E15A0C75003266B4 = {
			isa = PBXBuildFile;
			fileRef = 0612CE7DB0B7CA2D2867C0E0;
		};
		32952CC420D2717FE69B582D = {
			isa = PBXBuildFile;
			fileRef = 4201C53652DFB3A26907BA45;
		};
		7D31FF5E4D70FEE15BC2DAA6 = {
			isa = PBXBuildFile;
			fileRef = 1BB51434389E72DFF0AA5053;
		};
		29FFC5FE0E3B49C9F71E9F58 = {
			isa = PBXBuildFile;
			fileRef = FEBF5E16713D6C2268A3A7C3;
		};
		C434815EE8A21D478618F8E9 = {
			isa = PBXBuildFile;
			fileRef = B20F564E31EB08DD2254384A;
		};
		3BFDC685BCCDB8752235CA2E = {
			isa = PBXBuildFile;
			fileRef = 7EBE3121B6FFB1938AA0BD59;
		};
		52822A82145FE44764B69D69 = {
			isa = PBXBuildFile;
			fileRef = D018FA922ACFA43B6243BCC5;
		};
		84DB5EC3C5A4A0AFEC0E8950 = {
			isa = PBXBuildFile;
			fileRef = 8D3D8C94171EDF5ECD72A0B2;
		};
		A04126C2382987E7851D3DA8 = {
			isa = PBXBuildFile;
			fileRef = A14C3C06F5A88C4F57D77FED;
		};
		D25025439C2A5DB4AC852C16 = {
			isa = PBXBuildFile;
			fileRef = 1752D07C046554BD818EBA90;
		};
		1DC53744B42F5EA920BD605D = {
			isa = PBXBuildFile;
			fileRef = 586A5DF452882219CBB04685;
		};
		40EFA3D8F4684EB7FC787917 = {
			isa = PBXBuildFile;
			fileRef = C5145A691FB68C9F8A5A3657;
		};
		2C962EBB4F3410045A1C4F85 = {
			isa = PBXBuildFile;
			fileRef = FC0EB0688BA78BFB7B30AA90;
		};
		A0601800E572CAEB925E0B27 = {
			isa = PBXBuildFile;
			fileRef = D257DE99EAAC2A6B2F28ED73;
		};
		A2FC31AF18C23068E25F892C = {
			isa = PBXBuildFile;
			fileRef = 0BB9EBD27F79E00F30F84D96;
		};
		EBE7606E566CF1A1D3A48AE3 = {
			isa = PBXBuildFile;
			fileRef = 14D83B02E7CD79DA7B72AA50;
		};
		8EBA3CF0CD1BB04D5C70371B = {
			isa = PBXBuildFile;
			fileRef = B1589265ED1B62878509292C;
		};
		5B25B0AE13FD20525B825769 = {
			isa = PBXBuildFile;
			fileRef = 67273E9CA79BC5637F90A572;
		};
		3A180E9EB7F12A28F96FE12A = {
			isa = PBXBuildFile;
			fileRef = 0ECA4116E403E8B223AC28EE;
		};
		99CADAFF6CA44B0B93FB7A98 = {
			isa = PBXBuildFile;
			fileRef = F11B93C782079EF21EA3D350;
		};
		56922B0D455F62A9DF44EE19 = {
			isa = PBXBuildFile;
			fileRef = 07974B14B1DC7CAA0C4558BE;
		};
		E8DB28B690820D62A5B3E256 = {
			isa = PBXBuildFile;
			fileRef = 3DB402998758481104EBF323;
		};
		13ED134DE25A72F1B1240FCB = {
			isa = PBXBuildFile;
			fileRef = 74843357711034A15B06CEB9;
		};
		E7A3F4E9F3530CAC713CF283 = {
			isa = PBXBuildFile;
			fileRef = F11F722F6089BB8FCADB1009;
		};
		CB0F0520CD7FD9925C6B8EE9 = {
			isa = PBXBuildFile;
			fileRef = BC957BDA02019D69B662DEFA;
		};
		DE06F324837B55A918057162 = {
			isa = PBXBuildFile;
			fileRef = 3F21177CC29408973C275975;
		};
		46289CB1F13CC9E05B613E5E = {
			isa = PBXBuildFile;
			fileRef = 0FD9F19E2E95B40DFCADFD37;
		};
		ED074B602379EE78A0AB10E0 = {
			isa = PBXBuildFile;
			fileRef = F9528C63BA2A25D545B1B7D6;
		};
		91F4096C4DA25C81478611AE = {
			isa = PBXBuildFile;
			fileRef = 9E9F78AC1889D326B37D0CCE;
		};
		4C1F4C65028D047793BFB661 = {
			isa = PBXBuildFile;
			fileRef = 83736107D7595AE12FD143BA;
		};
		551C7F3EA5DB8DB1FAC2F9B8 = {
			isa = PBXBuildFile;
			fileRef = 134865063D5F8B3D6C3C1D84;
		};
		BE1DD7505CF99948A9863DD5 = {
			isa = PBXBuildFile;
			fileRef = 6D10F862D153365ED9C032B6;
		};
		0E16BE69AC9CD57831C19174 = {
			isa = PBXBuildFile;
			fileRef = 858934AB10D11364C35DFA26;
		};
		C4FF987093FA28AAA0D5C6F0 = {
			isa = PBXBuildFile;
			fileRef = AE65A223CB5D438AC5E0E54F;
		};
		0A82457D62CD6CCE23557F15 = {
			isa = PBXBuildFile;
			fileRef = 4B8C6A88B7FC0D09C7744B9D;
		};
		67E39EFD794CA2BF52E0CF40 = {
			isa = PBXBuildFile;
			fileRef = B8704A2D719823567E68D906;
		};
		7B73D622B0EC8977D68658A6 = {
			isa = PBXBuildFile;
			fileRef = B62F9CD4D5C8111A74C3F431;
		};
		0612CE7DB0B7CA2D2867C0E0 = {
			isa = PBXFileReference;
			lastKnownFileType = wrapper.framework;
			name = OpenGL.framework;
			path = System/Library/Frameworks/OpenGL.framework;
			sourceTree = SDKROOT;
		};
		06774758F8FD5FE7F6762D3B = {
			isa = PBXFileReference;
			lastKnownFileType = sourcecode.c.h;
			name = fft.h;
			path = "../../../../JUCE_User_Libraries/Maximilian/libs/fft.h";
			sourceTree = "SOURCE_ROOT";
		};
		07974B14B1DC7CAA0C4558BE = {
			isa = PBXFileReference;
			lastKnownFileType = file.r;
			name = "include_juce_audio_plugin_client_AU.r";
			path = "../../JuceLibraryCode/include_juce_audio_plugin_client_AU.r";
			sourceTree = "SOURCE_ROOT";
		};
		0B19509FF0BE9078A7A5914B = {
			isa = PBXFileReference;
			lastKnownFileType = wrapper.framework;
			name = Accelerate.framework;
			path = System/Library/Frameworks/Accelerate.framework;
			sourceTree = SDKROOT;
		};
		0BB9EBD27F79E00F30F84D96 = {
			isa = PBXFileReference;
			lastKnownFileType = sourcecode.cpp.cpp;
			name = PluginEditor.cpp;
			path = ../../Source/PluginEditor.cpp;
			sourceTree = "SOURCE_ROOT";
		};
		0BF92139A89342D6697AECE9 = {
			isa = PBXFileReference;
			lastKnownFileType = wrapper.framework;
			name = AudioUnit.framework;
			path = System/Library/Frameworks/AudioUnit.framework;
			sourceTree = SDKROOT;
		};
		0D61D457A9E48B1616165594 = {
			isa = PBXFileReference;
			lastKnownFileType = file;
			name = "juce_gui_extra";
			path = "/Applications/JUCE/modules/juce_gui_extra";
			sourceTree = "<absolute>";
		};
		0E56F51B3124A809803606D5 = {
			isa = PBXFileReference;
			lastKnownFileType = sourcecode.c.h;
			name = PluginEditor.h;
			path = ../../Source/PluginEditor.h;
			sourceTree = "SOURCE_ROOT";
		};
		0ECA4116E403E8B223AC28EE = {
			isa = PBXFileReference;
			lastKnownFileType = sourcecode.cpp.objcpp;
			name = "include_juce_audio_devices.mm";
			path = "../../JuceLibraryCode/include_juce_audio_devices.mm";
			sourceTree = "SOURCE_ROOT";
		};
		0FD9F19E2E95B40DFCADFD37 = {
			isa = PBXFileReference;
			lastKnownFileType = sourcecode.cpp.cpp;
			name = "include_juce_audio_plugin_client_VST3.cpp";
			path = "../../JuceLibraryCode/include_juce_audio_plugin_client_VST3.cpp";
			sourceTree = "SOURCE_ROOT";
		};
		134865063D5F8B3D6C3C1D84 = {
			isa = PBXFileReference;
			lastKnownFileType = sourcecode.cpp.objcpp;
			name = "include_juce_cryptography.mm";
			path = "../../JuceLibraryCode/include_juce_cryptography.mm";
			sourceTree = "SOURCE_ROOT";
		};
		14486DD0BF48675114A0B2BB = {
			isa = PBXFileReference;
			lastKnownFileType = sourcecode.c.h;
			name = SynthSound.h;
			path = ../../Source/SynthSound.h;
			sourceTree = "SOURCE_ROOT";
		};
		14D83B02E7CD79DA7B72AA50 = {
			isa = PBXFileReference;
			lastKnownFileType = sourcecode.cpp.cpp;
			name = Oscillator.cpp;
			path = ../../Source/Oscillator.cpp;
			sourceTree = "SOURCE_ROOT";
		};
		1752D07C046554BD818EBA90 = {
			isa = PBXFileReference;
			lastKnownFileType = sourcecode.cpp.cpp;
			name = maxiMFCC.cpp;
			path = "../../../../JUCE_User_Libraries/Maximilian/libs/maxiMFCC.cpp";
			sourceTree = "SOURCE_ROOT";
		};
		1BB51434389E72DFF0AA5053 = {
			isa = PBXFileReference;
			lastKnownFileType = wrapper.framework;
			name = WebKit.framework;
			path = System/Library/Frameworks/WebKit.framework;
			sourceTree = SDKROOT;
		};
		1C576266459DC0D01B15369C = {
			isa = PBXFileReference;
			lastKnownFileType = file;
			name = "juce_core";
			path = "/Applications/JUCE/modules/juce_core";
			sourceTree = "<absolute>";
		};
		33F160471D0D7B15C0D48FF1 = {
			isa = PBXFileReference;
			lastKnownFileType = file;
			name = "juce_graphics";
			path = "/Applications/JUCE/modules/juce_graphics";
			sourceTree = "<absolute>";
		};
		3A531C5D40166B8818400A4A = {
			isa = PBXFileReference;
			lastKnownFileType = file;
			name = "juce_audio_devices";
			path = "/Applications/JUCE/modules/juce_audio_devices";
			sourceTree = "<absolute>";
		};
		3B7F13AB0C81136209D21F1C = {
			isa = PBXFileReference;
			lastKnownFileType = wrapper.framework;
			name = DiscRecording.framework;
			path = System/Library/Frameworks/DiscRecording.framework;
			sourceTree = SDKROOT;
		};
		3DB402998758481104EBF323 = {
			isa = PBXFileReference;
			lastKnownFileType = sourcecode.cpp.objcpp;
			name = "include_juce_audio_plugin_client_AU_1.mm";
			path = "../../JuceLibraryCode/include_juce_audio_plugin_client_AU_1.mm";
			sourceTree = "SOURCE_ROOT";
		};
		3F21177CC29408973C275975 = {
			isa = PBXFileReference;
			lastKnownFileType = sourcecode.cpp.objcpp;
			name = "include_juce_audio_plugin_client_VST_utils.mm";
			path = "../../JuceLibraryCode/include_juce_audio_plugin_client_VST_utils.mm";
			sourceTree = "SOURCE_ROOT";
		};
		4201C53652DFB3A26907BA45 = {
			isa = PBXFileReference;
			lastKnownFileType = wrapper.framework;
			name = QuartzCore.framework;
			path = System/Library/Frameworks/QuartzCore.framework;
			sourceTree = SDKROOT;
		};
		43D638CB02E8CDC649A498B5 = {
			isa = PBXFileReference;
			lastKnownFileType = sourcecode.c.h;
			name = "m_ADSR.h";
			path = "../../Source/m_ADSR.h";
			sourceTree = "SOURCE_ROOT";
		};
		44D85F2ED020215D6CCE200C = {
			isa = PBXFileReference;
			lastKnownFileType = file;
			name = "juce_opengl";
			path = "/Applications/JUCE/modules/juce_opengl";
			sourceTree = "<absolute>";
		};
		46295C0D227A4E21267DD4FF = {
			isa = PBXFileReference;
			lastKnownFileType = wrapper.framework;
			name = CoreAudio.framework;
			path = System/Library/Frameworks/CoreAudio.framework;
			sourceTree = SDKROOT;
		};
		4B8C6A88B7FC0D09C7744B9D = {
			isa = PBXFileReference;
			lastKnownFileType = sourcecode.cpp.objcpp;
			name = "include_juce_gui_basics.mm";
			path = "../../JuceLibraryCode/include_juce_gui_basics.mm";
			sourceTree = "SOURCE_ROOT";
		};
		4F7FD689FBAF3752689B8A59 = {
			isa = PBXFileReference;
			lastKnownFileType = sourcecode.c.h;
			name = maxiAtoms.h;
			path = "../../../../JUCE_User_Libraries/Maximilian/libs/maxiAtoms.h";
			sourceTree = "SOURCE_ROOT";
		};
		5057590A31210FF7343AE727 = {
			isa = PBXFileReference;
			lastKnownFileType = sourcecode.c.h;
			name = maxiBark.h;
			path = "../../../../JUCE_User_Libraries/Maximilian/libs/maxiBark.h";
			sourceTree = "SOURCE_ROOT";
		};
		545C1BA3C2311B48C10BB734 = {
			isa = PBXFileReference;
			lastKnownFileType = file;
			name = "juce_audio_plugin_client";
			path = "/Applications/JUCE/modules/juce_audio_plugin_client";
			sourceTree = "<absolute>";
		};
		586A5DF452882219CBB04685 = {
			isa = PBXFileReference;
			lastKnownFileType = sourcecode.cpp.cpp;
			name = main.cpp;
			path = "../../../../JUCE_User_Libraries/Maximilian/main.cpp";
			sourceTree = "SOURCE_ROOT";
		};
		59ABF1B750604D326A5BDA79 = {
			isa = PBXFileReference;
			lastKnownFileType = file;
			name = "juce_data_structures";
			path = "/Applications/JUCE/modules/juce_data_structures";
			sourceTree = "<absolute>";
		};
		5C2B38206ABC21AC8CF87B04 = {
			isa = PBXFileReference;
			lastKnownFileType = sourcecode.c.h;
			name = PluginProcessor.h;
			path = ../../Source/PluginProcessor.h;
			sourceTree = "SOURCE_ROOT";
		};
		654D80095D6BAF0462954EE4 = {
			isa = PBXFileReference;
			lastKnownFileType = text.plist.xml;
			name = "Info-Standalone_Plugin.plist";
			path = "Info-Standalone_Plugin.plist";
			sourceTree = "SOURCE_ROOT";
		};
		67273E9CA79BC5637F90A572 = {
			isa = PBXFileReference;
			lastKnownFileType = sourcecode.cpp.objcpp;
			name = "include_juce_audio_basics.mm";
			path = "../../JuceLibraryCode/include_juce_audio_basics.mm";
			sourceTree = "SOURCE_ROOT";
		};
		696221ABBADE41B06D9A7729 = {
			isa = PBXFileReference;
			lastKnownFileType = text.plist.xml;
			name = basicSynth.entitlements;
			path = basicSynth.entitlements;
			sourceTree = "SOURCE_ROOT";
		};
		6D10F862D153365ED9C032B6 = {
			isa = PBXFileReference;
			lastKnownFileType = sourcecode.cpp.objcpp;
			name = "include_juce_data_structures.mm";
			path = "../../JuceLibraryCode/include_juce_data_structures.mm";
			sourceTree = "SOURCE_ROOT";
		};
		735EAD6F704A3FFFEE4BF104 = {
			isa = PBXFileReference;
			explicitFileType = wrapper.cfbundle;
			includeInIndex = 0;
			path = basicSynth.vst3;
			sourceTree = "BUILT_PRODUCTS_DIR";
		};
		74843357711034A15B06CEB9 = {
			isa = PBXFileReference;
			lastKnownFileType = sourcecode.cpp.objcpp;
			name = "include_juce_audio_plugin_client_AU_2.mm";
			path = "../../JuceLibraryCode/include_juce_audio_plugin_client_AU_2.mm";
			sourceTree = "SOURCE_ROOT";
		};
		754897104DF4532EBEF71BAE = {
			isa = PBXFileReference;
			lastKnownFileType = sourcecode.c.h;
			name = sineTable.h;
			path = "../../../../JUCE_User_Libraries/Maximilian/libs/sineTable.h";
			sourceTree = "SOURCE_ROOT";
		};
		7D232ACF442227D44D285789 = {
			isa = PBXFileReference;
			lastKnownFileType = sourcecode.c.h;
			name = maximilian.h;
			path = "../../../../JUCE_User_Libraries/Maximilian/maximilian.h";
			sourceTree = "SOURCE_ROOT";
		};
		7E9EA9195E3DEF5A77789540 = {
			isa = PBXFileReference;
			lastKnownFileType = sourcecode.c.h;
			name = AppConfig.h;
			path = ../../JuceLibraryCode/AppConfig.h;
			sourceTree = "SOURCE_ROOT";
		};
		7EBE3121B6FFB1938AA0BD59 = {
			isa = PBXFileReference;
			lastKnownFileType = sourcecode.cpp.cpp;
			name = maxiAtoms.cpp;
			path = "../../../../JUCE_User_Libraries/Maximilian/libs/maxiAtoms.cpp";
			sourceTree = "SOURCE_ROOT";
		};
		83736107D7595AE12FD143BA = {
			isa = PBXFileReference;
			lastKnownFileType = sourcecode.cpp.objcpp;
			name = "include_juce_core.mm";
			path = "../../JuceLibraryCode/include_juce_core.mm";
			sourceTree = "SOURCE_ROOT";
		};
		850992FE5D9A797E8607A3ED = {
			isa = PBXFileReference;
			lastKnownFileType = wrapper.framework;
			name = IOKit.framework;
			path = System/Library/Frameworks/IOKit.framework;
			sourceTree = SDKROOT;
		};
		858934AB10D11364C35DFA26 = {
			isa = PBXFileReference;
			lastKnownFileType = sourcecode.cpp.objcpp;
			name = "include_juce_events.mm";
			path = "../../JuceLibraryCode/include_juce_events.mm";
			sourceTree = "SOURCE_ROOT";
		};
		8B6BDD9CB8F67EA4827296B5 = {
			isa = PBXFileReference;
			lastKnownFileType = sourcecode.c.h;
			name = "stb_vorbis.h";
			path = "../../../../JUCE_User_Libraries/Maximilian/stb_vorbis.h";
			sourceTree = "SOURCE_ROOT";
		};
		8CF072E1182A30000719D6FF = {
			isa = PBXFileReference;
			lastKnownFileType = sourcecode.c.h;
			name = maxiFFT.h;
			path = "../../../../JUCE_User_Libraries/Maximilian/libs/maxiFFT.h";
			sourceTree = "SOURCE_ROOT";
		};
		8D3D8C94171EDF5ECD72A0B2 = {
			isa = PBXFileReference;
			lastKnownFileType = sourcecode.cpp.cpp;
			name = maxiFFT.cpp;
			path = "../../../../JUCE_User_Libraries/Maximilian/libs/maxiFFT.cpp";
			sourceTree = "SOURCE_ROOT";
		};
		8DB61FFB02D7F38C15CC9032 = {
			isa = PBXFileReference;
			lastKnownFileType = file;
			name = "juce_gui_basics";
			path = "/Applications/JUCE/modules/juce_gui_basics";
			sourceTree = "<absolute>";
		};
		8E02F8DA7D352C8EA98B32CB = {
			isa = PBXFileReference;
			lastKnownFileType = wrapper.framework;
			name = CoreMIDI.framework;
			path = System/Library/Frameworks/CoreMIDI.framework;
			sourceTree = SDKROOT;
		};
		8F41A0FEB42BEEFB2D626336 = {
			isa = PBXFileReference;
			lastKnownFileType = sourcecode.c.h;
			name = maxiMFCC.h;
			path = "../../../../JUCE_User_Libraries/Maximilian/libs/maxiMFCC.h";
			sourceTree = "SOURCE_ROOT";
		};
		9955C65AB7DA106477B94A02 = {
			isa = PBXFileReference;
			lastKnownFileType = sourcecode.c.h;
			name = maxiGrains.h;
			path = "../../../../JUCE_User_Libraries/Maximilian/libs/maxiGrains.h";
			sourceTree = "SOURCE_ROOT";
		};
		9CC1336BB2B8AA46FF3ECDE0 = {
			isa = PBXFileReference;
			lastKnownFileType = sourcecode.c.h;
			name = Oscillator.h;
			path = ../../Source/Oscillator.h;
			sourceTree = "SOURCE_ROOT";
		};
		9CD974A1AAA1EEB8B04896B4 = {
			isa = PBXFileReference;
			lastKnownFileType = file;
			name = "juce_events";
			path = "/Applications/JUCE/modules/juce_events";
			sourceTree = "<absolute>";
		};
		9E9F78AC1889D326B37D0CCE = {
			isa = PBXFileReference;
			lastKnownFileType = sourcecode.cpp.objcpp;
			name = "include_juce_audio_utils.mm";
			path = "../../JuceLibraryCode/include_juce_audio_utils.mm";
			sourceTree = "SOURCE_ROOT";
		};
		9FB16EB9C241BB3436B202E3 = {
			isa = PBXFileReference;
			lastKnownFileType = wrapper.framework;
			name = Carbon.framework;
			path = System/Library/Frameworks/Carbon.framework;
			sourceTree = SDKROOT;
		};
		A14C3C06F5A88C4F57D77FED = {
			isa = PBXFileReference;
			lastKnownFileType = sourcecode.cpp.cpp;
			name = maxiGrains.cpp;
			path = "../../../../JUCE_User_Libraries/Maximilian/libs/maxiGrains.cpp";
			sourceTree = "SOURCE_ROOT";
		};
		AE65A223CB5D438AC5E0E54F = {
			isa = PBXFileReference;
			lastKnownFileType = sourcecode.cpp.objcpp;
			name = "include_juce_graphics.mm";
			path = "../../JuceLibraryCode/include_juce_graphics.mm";
			sourceTree = "SOURCE_ROOT";
		};
		B1589265ED1B62878509292C = {
			isa = PBXFileReference;
			lastKnownFileType = sourcecode.cpp.cpp;
			name = "m_ADSR.cpp";
			path = "../../Source/m_ADSR.cpp";
			sourceTree = "SOURCE_ROOT";
		};
		B20F564E31EB08DD2254384A = {
			isa = PBXFileReference;
			lastKnownFileType = sourcecode.cpp.cpp;
			name = fft.cpp;
			path = "../../../../JUCE_User_Libraries/Maximilian/libs/fft.cpp";
			sourceTree = "SOURCE_ROOT";
		};
		B62F9CD4D5C8111A74C3F431 = {
			isa = PBXFileReference;
			lastKnownFileType = sourcecode.cpp.objcpp;
			name = "include_juce_opengl.mm";
			path = "../../JuceLibraryCode/include_juce_opengl.mm";
			sourceTree = "SOURCE_ROOT";
		};
		B8704A2D719823567E68D906 = {
			isa = PBXFileReference;
			lastKnownFileType = sourcecode.cpp.objcpp;
			name = "include_juce_gui_extra.mm";
			path = "../../JuceLibraryCode/include_juce_gui_extra.mm";
			sourceTree = "SOURCE_ROOT";
		};
		BC957BDA02019D69B662DEFA = {
			isa = PBXFileReference;
			lastKnownFileType = sourcecode.cpp.cpp;
			name = "include_juce_audio_plugin_client_utils.cpp";
			path = "../../JuceLibraryCode/include_juce_audio_plugin_client_utils.cpp";
			sourceTree = "SOURCE_ROOT";
		};
		BD6F4A1B778ADD9D20366EC9 = {
			isa = PBXFileReference;
			lastKnownFileType = file;
			name = "juce_audio_basics";
			path = "/Applications/JUCE/modules/juce_audio_basics";
			sourceTree = "<absolute>";
		};
		BF2B1FCF416A439183CE1494 = {
			isa = PBXFileReference;
			lastKnownFileType = wrapper.framework;
			name = Cocoa.framework;
			path = System/Library/Frameworks/Cocoa.framework;
			sourceTree = SDKROOT;
		};
		C5145A691FB68C9F8A5A3657 = {
			isa = PBXFileReference;
			lastKnownFileType = sourcecode.cpp.cpp;
			name = maximilian.cpp;
			path = "../../../../JUCE_User_Libraries/Maximilian/maximilian.cpp";
			sourceTree = "SOURCE_ROOT";
		};
		C9671BD69D8D8A404C631129 = {
			isa = PBXFileReference;
			lastKnownFileType = text.plist.xml;
			name = "Info-AU.plist";
			path = "Info-AU.plist";
			sourceTree = "SOURCE_ROOT";
		};
		CA94A5EE48D4A2846A4B5EAD = {
			isa = PBXFileReference;
			lastKnownFileType = sourcecode.c.h;
			name = JuceHeader.h;
			path = ../../JuceLibraryCode/JuceHeader.h;
			sourceTree = "SOURCE_ROOT";
		};
		CAE37BF099DEF2405E667AC0 = {
			isa = PBXFileReference;
			lastKnownFileType = file;
			name = "juce_audio_formats";
			path = "/Applications/JUCE/modules/juce_audio_formats";
			sourceTree = "<absolute>";
		};
		CAEA7EBADE2E4A868323296A = {
			isa = PBXFileReference;
			lastKnownFileType = text.plist.xml;
			name = "Info-VST3.plist";
			path = "Info-VST3.plist";
			sourceTree = "SOURCE_ROOT";
		};
		CD8C7B4AE802E83D9C742EE5 = {
			isa = PBXFileReference;
			lastKnownFileType = file;
			name = "juce_audio_processors";
			path = "/Applications/JUCE/modules/juce_audio_processors";
			sourceTree = "<absolute>";
		};
		D018FA922ACFA43B6243BCC5 = {
			isa = PBXFileReference;
			lastKnownFileType = sourcecode.cpp.cpp;
			name = maxiBark.cpp;
			path = "../../../../JUCE_User_Libraries/Maximilian/libs/maxiBark.cpp";
			sourceTree = "SOURCE_ROOT";
		};
		D257DE99EAAC2A6B2F28ED73 = {
			isa = PBXFileReference;
			lastKnownFileType = sourcecode.cpp.cpp;
			name = PluginProcessor.cpp;
			path = ../../Source/PluginProcessor.cpp;
			sourceTree = "SOURCE_ROOT";
		};
		D76482D9FAE3272F250DCDE9 = {
			isa = PBXFileReference;
			lastKnownFileType = file;
			name = "juce_cryptography";
			path = "/Applications/JUCE/modules/juce_cryptography";
			sourceTree = "<absolute>";
		};
		DD9F0CBB627A4EDB37C9093C = {
			isa = PBXFileReference;
			lastKnownFileType = wrapper.framework;
			name = AudioToolbox.framework;
			path = System/Library/Frameworks/AudioToolbox.framework;
			sourceTree = SDKROOT;
		};
		EB4C311B5BA819B0061423B5 = {
			isa = PBXFileReference;
			lastKnownFileType = wrapper.framework;
			name = CoreAudioKit.framework;
			path = System/Library/Frameworks/CoreAudioKit.framework;
			sourceTree = SDKROOT;
		};
		F11F722F6089BB8FCADB1009 = {
			isa = PBXFileReference;
			lastKnownFileType = sourcecode.cpp.cpp;
			name = "include_juce_audio_plugin_client_Standalone.cpp";
			path = "../../JuceLibraryCode/include_juce_audio_plugin_client_Standalone.cpp";
			sourceTree = "SOURCE_ROOT";
		};
		F4ACC1CC208E8AB1DA8E09E1 = {
			isa = PBXFileReference;
			lastKnownFileType = sourcecode.c.h;
			name = SynthVoice.h;
			path = ../../Source/SynthVoice.h;
			sourceTree = "SOURCE_ROOT";
		};
		F8B2475686DD07CCCCEC5822 = {
			isa = PBXFileReference;
			explicitFileType = wrapper.cfbundle;
			includeInIndex = 0;
			path = basicSynth.component;
			sourceTree = "BUILT_PRODUCTS_DIR";
		};
		906FFA6306841DBE43B03689 = {
			isa = PBXFileReference;
			explicitFileType = wrapper.application;
			includeInIndex = 0;
			path = basicSynth.app;
			sourceTree = "BUILT_PRODUCTS_DIR";
		};
		B3492646387D70C535465EC2 = {
			isa = PBXFileReference;
			explicitFileType = archive.ar;
			includeInIndex = 0;
			path = libbasicSynth.a;
			sourceTree = "BUILT_PRODUCTS_DIR";
		};
		F11B93C782079EF21EA3D350 = {
			isa = PBXFileReference;
			lastKnownFileType = sourcecode.cpp.objcpp;
			name = "include_juce_audio_formats.mm";
			path = "../../JuceLibraryCode/include_juce_audio_formats.mm";
			sourceTree = "SOURCE_ROOT";
		};
		F9528C63BA2A25D545B1B7D6 = {
			isa = PBXFileReference;
			lastKnownFileType = sourcecode.cpp.objcpp;
			name = "include_juce_audio_processors.mm";
			path = "../../JuceLibraryCode/include_juce_audio_processors.mm";
			sourceTree = "SOURCE_ROOT";
		};
		FB4598C4F66F904A12AF5238 = {
			isa = PBXFileReference;
			lastKnownFileType = sourcecode.c.h;
			name = maxim.h;
			path = "../../../../JUCE_User_Libraries/Maximilian/libs/maxim.h";
			sourceTree = "SOURCE_ROOT";
		};
		FC0EB0688BA78BFB7B30AA90 = {
			isa = PBXFileReference;
			lastKnownFileType = sourcecode.c.c;
			name = "stb_vorbis.c";
			path = "../../../../JUCE_User_Libraries/Maximilian/stb_vorbis.c";
			sourceTree = "SOURCE_ROOT";
		};
		FEBF5E16713D6C2268A3A7C3 = {
			isa = PBXFileReference;
			lastKnownFileType = file.nib;
			name = RecentFilesMenuTemplate.nib;
			path = RecentFilesMenuTemplate.nib;
			sourceTree = "SOURCE_ROOT";
		};
		FFF60A7646F0CEF607BC56E0 = {
			isa = PBXFileReference;
			lastKnownFileType = file;
			name = "juce_audio_utils";
			path = "/Applications/JUCE/modules/juce_audio_utils";
			sourceTree = "<absolute>";
		};
		040AB56515A6FC253533D568 = {
			isa = PBXGroup;
			children = (
				B20F564E31EB08DD2254384A,
				06774758F8FD5FE7F6762D3B,
				7EBE3121B6FFB1938AA0BD59,
				4F7FD689FBAF3752689B8A59,
				D018FA922ACFA43B6243BCC5,
				5057590A31210FF7343AE727,
				8D3D8C94171EDF5ECD72A0B2,
				8CF072E1182A30000719D6FF,
				A14C3C06F5A88C4F57D77FED,
				9955C65AB7DA106477B94A02,
				FB4598C4F66F904A12AF5238,
				1752D07C046554BD818EBA90,
				8F41A0FEB42BEEFB2D626336,
				754897104DF4532EBEF71BAE,
			);
			name = libs;
			sourceTree = "<group>";
		};
		692C0F9DB8A729F557AC1970 = {
			isa = PBXGroup;
			children = (
				040AB56515A6FC253533D568,
				586A5DF452882219CBB04685,
				C5145A691FB68C9F8A5A3657,
				7D232ACF442227D44D285789,
				FC0EB0688BA78BFB7B30AA90,
				8B6BDD9CB8F67EA4827296B5,
			);
			name = Maximilian;
			sourceTree = "<group>";
		};
		6FAA270D5F73B30E5B1B8623 = {
			isa = PBXGroup;
			children = (
				692C0F9DB8A729F557AC1970,
				D257DE99EAAC2A6B2F28ED73,
				F4ACC1CC208E8AB1DA8E09E1,
				5C2B38206ABC21AC8CF87B04,
				14486DD0BF48675114A0B2BB,
				0BB9EBD27F79E00F30F84D96,
				14D83B02E7CD79DA7B72AA50,
				9CC1336BB2B8AA46FF3ECDE0,
				B1589265ED1B62878509292C,
				43D638CB02E8CDC649A498B5,
				0E56F51B3124A809803606D5,
			);
			name = Source;
			sourceTree = "<group>";
		};
		E7767A67FD962FC7C47BA588 = {
			isa = PBXGroup;
			children = (
				6FAA270D5F73B30E5B1B8623,
			);
			name = basicSynth;
			sourceTree = "<group>";
		};
		C02369E32521296B00E8A985 = {
			isa = PBXGroup;
			children = (
				BD6F4A1B778ADD9D20366EC9,
				3A531C5D40166B8818400A4A,
				CAE37BF099DEF2405E667AC0,
				545C1BA3C2311B48C10BB734,
				CD8C7B4AE802E83D9C742EE5,
				FFF60A7646F0CEF607BC56E0,
				1C576266459DC0D01B15369C,
				D76482D9FAE3272F250DCDE9,
				59ABF1B750604D326A5BDA79,
				9CD974A1AAA1EEB8B04896B4,
				33F160471D0D7B15C0D48FF1,
				8DB61FFB02D7F38C15CC9032,
				0D61D457A9E48B1616165594,
				44D85F2ED020215D6CCE200C,
			);
			name = "JUCE Modules";
			sourceTree = "<group>";
		};
		D0D34EE713B54C51762F82FB = {
			isa = PBXGroup;
			children = (
				7E9EA9195E3DEF5A77789540,
				67273E9CA79BC5637F90A572,
				0ECA4116E403E8B223AC28EE,
				F11B93C782079EF21EA3D350,
				07974B14B1DC7CAA0C4558BE,
				3DB402998758481104EBF323,
				74843357711034A15B06CEB9,
				F11F722F6089BB8FCADB1009,
				BC957BDA02019D69B662DEFA,
				3F21177CC29408973C275975,
				0FD9F19E2E95B40DFCADFD37,
				F9528C63BA2A25D545B1B7D6,
				9E9F78AC1889D326B37D0CCE,
				83736107D7595AE12FD143BA,
				134865063D5F8B3D6C3C1D84,
				6D10F862D153365ED9C032B6,
				858934AB10D11364C35DFA26,
				AE65A223CB5D438AC5E0E54F,
				4B8C6A88B7FC0D09C7744B9D,
				B8704A2D719823567E68D906,
				B62F9CD4D5C8111A74C3F431,
				CA94A5EE48D4A2846A4B5EAD,
			);
			name = "JUCE Library Code";
			sourceTree = "<group>";
		};
		E54A58B0863A931589220D54 = {
			isa = PBXGroup;
			children = (
				CAEA7EBADE2E4A868323296A,
				C9671BD69D8D8A404C631129,
				654D80095D6BAF0462954EE4,
				FEBF5E16713D6C2268A3A7C3,
			);
			name = Resources;
			sourceTree = "<group>";
		};
		F2491E6256EE745F389440E2 = {
			isa = PBXGroup;
			children = (
				0B19509FF0BE9078A7A5914B,
				DD9F0CBB627A4EDB37C9093C,
				0BF92139A89342D6697AECE9,
				9FB16EB9C241BB3436B202E3,
				BF2B1FCF416A439183CE1494,
				46295C0D227A4E21267DD4FF,
				EB4C311B5BA819B0061423B5,
				8E02F8DA7D352C8EA98B32CB,
				3B7F13AB0C81136209D21F1C,
				850992FE5D9A797E8607A3ED,
				0612CE7DB0B7CA2D2867C0E0,
				4201C53652DFB3A26907BA45,
				1BB51434389E72DFF0AA5053,
			);
			name = Frameworks;
			sourceTree = "<group>";
		};
		D4648F9A242302D2894EFD61 = {
			isa = PBXGroup;
			children = (
				735EAD6F704A3FFFEE4BF104,
				F8B2475686DD07CCCCEC5822,
				906FFA6306841DBE43B03689,
				B3492646387D70C535465EC2,
			);
			name = Products;
			sourceTree = "<group>";
		};
		ADDF422D66E1D222C8B32FD3 = {
			isa = PBXGroup;
			children = (
				E7767A67FD962FC7C47BA588,
				C02369E32521296B00E8A985,
				D0D34EE713B54C51762F82FB,
				E54A58B0863A931589220D54,
				F2491E6256EE745F389440E2,
				D4648F9A242302D2894EFD61,
			);
			name = Source;
			sourceTree = "<group>";
		};
		D4BF6D0E85643F5D4B86EF13 = {
			isa = XCBuildConfiguration;
			buildSettings = {
				MACOSX_DEPLOYMENT_TARGET = 10.11;
			};
			name = Debug;
		};
		0E4B1D1E499285E775E23582 = {
			isa = XCBuildConfiguration;
			buildSettings = {
				MACOSX_DEPLOYMENT_TARGET = 10.11;
			};
			name = Release;
		};
		3E9B0D6E2590D28C68643768 = {
			isa = XCBuildConfiguration;
			buildSettings = {
				CLANG_CXX_LANGUAGE_STANDARD = "c++14";
				CLANG_CXX_LIBRARY = "libc++";
				CLANG_LINK_OBJC_RUNTIME = NO;
				CODE_SIGN_IDENTITY = "";
				COMBINE_HIDPI_IMAGES = YES;
				CONFIGURATION_BUILD_DIR = "$(PROJECT_DIR)/build/$(CONFIGURATION)";
				COPY_PHASE_STRIP = NO;
				DEPLOYMENT_LOCATION = YES;
				DSTROOT = /;
				GCC_DYNAMIC_NO_PIC = NO;
				GCC_OPTIMIZATION_LEVEL = 0;
				GCC_PREPROCESSOR_DEFINITIONS = (
					"_DEBUG=1",
					"DEBUG=1",
					"JUCER_XCODE_MAC_F6D2F4CF=1",
					"JUCE_APP_VERSION=1.0.0",
					"JUCE_APP_VERSION_HEX=0x10000",
					"JucePlugin_Build_VST=0",
					"JucePlugin_Build_VST3=1",
					"JucePlugin_Build_AU=0",
					"JucePlugin_Build_AUv3=0",
					"JucePlugin_Build_RTAS=0",
					"JucePlugin_Build_AAX=0",
					"JucePlugin_Build_Standalone=0",
					"JucePlugin_Build_Unity=0",
				);
				GCC_VERSION = com.apple.compilers.llvm.clang.1_0;
				GENERATE_PKGINFO_FILE = YES;
				HEADER_SEARCH_PATHS = (
					"/Users/leofltt/Desktop/JUCE/SDKs/VST_SDK/VST3_SDK",
					"/Users/leofltt/Desktop/JUCE/SDKs/VST_SDK/VST2_SDK/public.sdk/source/vst2.x",
					"../../JuceLibraryCode",
					"/Applications/JUCE/modules",
					"/Users/leofltt/Desktop/JUCE_User_Libraries/Maximilian",
					"/Applications/JUCE/modules/juce_audio_plugin_client",
					"$(inherited)",
				);
				INFOPLIST_FILE = Info-VST3.plist;
				INFOPLIST_PREPROCESS = NO;
				INSTALL_PATH = "$(HOME)/Library/Audio/Plug-Ins/VST3/";
				LIBRARY_STYLE = Bundle;
				MACOSX_DEPLOYMENT_TARGET = 10.11;
				OTHER_LDFLAGS = "-bundle -lbasicSynth";
				PRODUCT_BUNDLE_IDENTIFIER = com.LeoFoletto.basicSynth;
				PRODUCT_NAME = "basicSynth";
				USE_HEADERMAP = NO;
				WRAPPER_EXTENSION = vst3;
			};
			name = Debug;
		};
		7C0800159ECCE1B812A6502C = {
			isa = XCBuildConfiguration;
			buildSettings = {
				CLANG_CXX_LANGUAGE_STANDARD = "c++14";
				CLANG_CXX_LIBRARY = "libc++";
				CLANG_LINK_OBJC_RUNTIME = NO;
				CODE_SIGN_IDENTITY = "";
				COMBINE_HIDPI_IMAGES = YES;
				CONFIGURATION_BUILD_DIR = "$(PROJECT_DIR)/build/$(CONFIGURATION)";
				DEAD_CODE_STRIPPING = YES;
				DEPLOYMENT_LOCATION = YES;
				DSTROOT = /;
				GCC_GENERATE_DEBUGGING_SYMBOLS = NO;
				GCC_OPTIMIZATION_LEVEL = 3;
				GCC_PREPROCESSOR_DEFINITIONS = (
					"_NDEBUG=1",
					"NDEBUG=1",
					"JUCER_XCODE_MAC_F6D2F4CF=1",
					"JUCE_APP_VERSION=1.0.0",
					"JUCE_APP_VERSION_HEX=0x10000",
					"JucePlugin_Build_VST=0",
					"JucePlugin_Build_VST3=1",
					"JucePlugin_Build_AU=0",
					"JucePlugin_Build_AUv3=0",
					"JucePlugin_Build_RTAS=0",
					"JucePlugin_Build_AAX=0",
					"JucePlugin_Build_Standalone=0",
					"JucePlugin_Build_Unity=0",
				);
				GCC_SYMBOLS_PRIVATE_EXTERN = YES;
				GCC_VERSION = com.apple.compilers.llvm.clang.1_0;
				GENERATE_PKGINFO_FILE = YES;
				HEADER_SEARCH_PATHS = (
					"/Users/leofltt/Desktop/JUCE/SDKs/VST_SDK/VST3_SDK",
					"/Users/leofltt/Desktop/JUCE/SDKs/VST_SDK/VST2_SDK/public.sdk/source/vst2.x",
					"../../JuceLibraryCode",
					"/Applications/JUCE/modules",
					"/Applications/JUCE/modules/juce_audio_plugin_client",
					"$(inherited)",
				);
				INFOPLIST_FILE = Info-VST3.plist;
				INFOPLIST_PREPROCESS = NO;
				INSTALL_PATH = "$(HOME)/Library/Audio/Plug-Ins/VST3/";
				LIBRARY_STYLE = Bundle;
				LLVM_LTO = YES;
				MACOSX_DEPLOYMENT_TARGET = 10.11;
				OTHER_LDFLAGS = "-bundle -lbasicSynth";
				PRODUCT_BUNDLE_IDENTIFIER = com.LeoFoletto.basicSynth;
				PRODUCT_NAME = "basicSynth";
				USE_HEADERMAP = NO;
				WRAPPER_EXTENSION = vst3;
			};
			name = Release;
		};
		FDC63C50E8515224EAE04744 = {
			isa = XCBuildConfiguration;
			buildSettings = {
				CLANG_CXX_LANGUAGE_STANDARD = "c++14";
				CLANG_CXX_LIBRARY = "libc++";
				CLANG_LINK_OBJC_RUNTIME = NO;
				CODE_SIGN_IDENTITY = "";
				COMBINE_HIDPI_IMAGES = YES;
				CONFIGURATION_BUILD_DIR = "$(PROJECT_DIR)/build/$(CONFIGURATION)";
				COPY_PHASE_STRIP = NO;
				DEPLOYMENT_LOCATION = YES;
				DSTROOT = /;
				GCC_DYNAMIC_NO_PIC = NO;
				GCC_OPTIMIZATION_LEVEL = 0;
				GCC_PREPROCESSOR_DEFINITIONS = (
					"_DEBUG=1",
					"DEBUG=1",
					"JUCER_XCODE_MAC_F6D2F4CF=1",
					"JUCE_APP_VERSION=1.0.0",
					"JUCE_APP_VERSION_HEX=0x10000",
					"JucePlugin_Build_VST=0",
					"JucePlugin_Build_VST3=0",
					"JucePlugin_Build_AU=1",
					"JucePlugin_Build_AUv3=0",
					"JucePlugin_Build_RTAS=0",
					"JucePlugin_Build_AAX=0",
					"JucePlugin_Build_Standalone=0",
					"JucePlugin_Build_Unity=0",
				);
				GCC_VERSION = com.apple.compilers.llvm.clang.1_0;
				GENERATE_PKGINFO_FILE = YES;
				HEADER_SEARCH_PATHS = (
					"/Users/leofltt/Desktop/JUCE/SDKs/VST_SDK/VST3_SDK",
					"/Users/leofltt/Desktop/JUCE/SDKs/VST_SDK/VST2_SDK/public.sdk/source/vst2.x",
					"../../JuceLibraryCode",
					"/Applications/JUCE/modules",
					"/Users/leofltt/Desktop/JUCE_User_Libraries/Maximilian",
					"/Applications/JUCE/modules/juce_audio_plugin_client",
					"$(inherited)",
				);
				INFOPLIST_FILE = Info-AU.plist;
				INFOPLIST_PREPROCESS = NO;
				INSTALL_PATH = "$(HOME)/Library/Audio/Plug-Ins/Components/";
				LIBRARY_STYLE = Bundle;
				MACOSX_DEPLOYMENT_TARGET = 10.11;
				OTHER_LDFLAGS = "-bundle -lbasicSynth";
				OTHER_REZFLAGS = "-d ppc_$ppc -d i386_$i386 -d ppc64_$ppc64 -d x86_64_$x86_64 -I /System/Library/Frameworks/CoreServices.framework/Frameworks/CarbonCore.framework/Versions/A/Headers -I \"$(DEVELOPER_DIR)/Extras/CoreAudio/AudioUnits/AUPublic/AUBase\" -I \"$(DEVELOPER_DIR)/Platforms/MacOSX.platform/Developer/SDKs/MacOSX.sdk/System/Library/Frameworks/AudioUnit.framework/Headers\"";
				PRODUCT_BUNDLE_IDENTIFIER = com.LeoFoletto.basicSynth;
				PRODUCT_NAME = "basicSynth";
				USE_HEADERMAP = NO;
				WRAPPER_EXTENSION = component;
			};
			name = Debug;
		};
		905A634D284065C1E5E36D33 = {
			isa = XCBuildConfiguration;
			buildSettings = {
				CLANG_CXX_LANGUAGE_STANDARD = "c++14";
				CLANG_CXX_LIBRARY = "libc++";
				CLANG_LINK_OBJC_RUNTIME = NO;
				CODE_SIGN_IDENTITY = "";
				COMBINE_HIDPI_IMAGES = YES;
				CONFIGURATION_BUILD_DIR = "$(PROJECT_DIR)/build/$(CONFIGURATION)";
				DEAD_CODE_STRIPPING = YES;
				DEPLOYMENT_LOCATION = YES;
				DSTROOT = /;
				GCC_GENERATE_DEBUGGING_SYMBOLS = NO;
				GCC_OPTIMIZATION_LEVEL = 3;
				GCC_PREPROCESSOR_DEFINITIONS = (
					"_NDEBUG=1",
					"NDEBUG=1",
					"JUCER_XCODE_MAC_F6D2F4CF=1",
					"JUCE_APP_VERSION=1.0.0",
					"JUCE_APP_VERSION_HEX=0x10000",
					"JucePlugin_Build_VST=0",
					"JucePlugin_Build_VST3=0",
					"JucePlugin_Build_AU=1",
					"JucePlugin_Build_AUv3=0",
					"JucePlugin_Build_RTAS=0",
					"JucePlugin_Build_AAX=0",
					"JucePlugin_Build_Standalone=0",
					"JucePlugin_Build_Unity=0",
				);
				GCC_SYMBOLS_PRIVATE_EXTERN = YES;
				GCC_VERSION = com.apple.compilers.llvm.clang.1_0;
				GENERATE_PKGINFO_FILE = YES;
				HEADER_SEARCH_PATHS = (
					"/Users/leofltt/Desktop/JUCE/SDKs/VST_SDK/VST3_SDK",
					"/Users/leofltt/Desktop/JUCE/SDKs/VST_SDK/VST2_SDK/public.sdk/source/vst2.x",
					"../../JuceLibraryCode",
					"/Applications/JUCE/modules",
					"/Applications/JUCE/modules/juce_audio_plugin_client",
					"$(inherited)",
				);
				INFOPLIST_FILE = Info-AU.plist;
				INFOPLIST_PREPROCESS = NO;
				INSTALL_PATH = "$(HOME)/Library/Audio/Plug-Ins/Components/";
				LIBRARY_STYLE = Bundle;
				LLVM_LTO = YES;
				MACOSX_DEPLOYMENT_TARGET = 10.11;
				OTHER_LDFLAGS = "-bundle -lbasicSynth";
				OTHER_REZFLAGS = "-d ppc_$ppc -d i386_$i386 -d ppc64_$ppc64 -d x86_64_$x86_64 -I /System/Library/Frameworks/CoreServices.framework/Frameworks/CarbonCore.framework/Versions/A/Headers -I \"$(DEVELOPER_DIR)/Extras/CoreAudio/AudioUnits/AUPublic/AUBase\" -I \"$(DEVELOPER_DIR)/Platforms/MacOSX.platform/Developer/SDKs/MacOSX.sdk/System/Library/Frameworks/AudioUnit.framework/Headers\"";
				PRODUCT_BUNDLE_IDENTIFIER = com.LeoFoletto.basicSynth;
				PRODUCT_NAME = "basicSynth";
				USE_HEADERMAP = NO;
				WRAPPER_EXTENSION = component;
			};
			name = Release;
		};
		5E4161536D1CC04C97E9A78E = {
			isa = XCBuildConfiguration;
			buildSettings = {
				CLANG_CXX_LANGUAGE_STANDARD = "c++14";
				CLANG_CXX_LIBRARY = "libc++";
				CLANG_LINK_OBJC_RUNTIME = NO;
				CODE_SIGN_IDENTITY = "";
				COMBINE_HIDPI_IMAGES = YES;
				CONFIGURATION_BUILD_DIR = "$(PROJECT_DIR)/build/$(CONFIGURATION)";
				COPY_PHASE_STRIP = NO;
				GCC_DYNAMIC_NO_PIC = NO;
				GCC_OPTIMIZATION_LEVEL = 0;
				GCC_PREPROCESSOR_DEFINITIONS = (
					"_DEBUG=1",
					"DEBUG=1",
					"JUCER_XCODE_MAC_F6D2F4CF=1",
					"JUCE_APP_VERSION=1.0.0",
					"JUCE_APP_VERSION_HEX=0x10000",
					"JucePlugin_Build_VST=0",
					"JucePlugin_Build_VST3=0",
					"JucePlugin_Build_AU=0",
					"JucePlugin_Build_AUv3=0",
					"JucePlugin_Build_RTAS=0",
					"JucePlugin_Build_AAX=0",
					"JucePlugin_Build_Standalone=1",
					"JucePlugin_Build_Unity=0",
				);
				GCC_VERSION = com.apple.compilers.llvm.clang.1_0;
				HEADER_SEARCH_PATHS = (
					"/Users/leofltt/Desktop/JUCE/SDKs/VST_SDK/VST3_SDK",
					"/Users/leofltt/Desktop/JUCE/SDKs/VST_SDK/VST2_SDK/public.sdk/source/vst2.x",
					"../../JuceLibraryCode",
					"/Applications/JUCE/modules",
					"/Users/leofltt/Desktop/JUCE_User_Libraries/Maximilian",
					"/Applications/JUCE/modules/juce_audio_plugin_client",
					"$(inherited)",
				);
				INFOPLIST_FILE = Info-Standalone_Plugin.plist;
				INFOPLIST_PREPROCESS = NO;
				MACOSX_DEPLOYMENT_TARGET = 10.11;
				OTHER_LDFLAGS = "-lbasicSynth";
				PRODUCT_BUNDLE_IDENTIFIER = com.LeoFoletto.basicSynth;
				PRODUCT_NAME = "basicSynth";
				USE_HEADERMAP = NO;
			};
			name = Debug;
		};
		9BD7EBF7BD4B8BEBDF500C95 = {
			isa = XCBuildConfiguration;
			buildSettings = {
				CLANG_CXX_LANGUAGE_STANDARD = "c++14";
				CLANG_CXX_LIBRARY = "libc++";
				CLANG_LINK_OBJC_RUNTIME = NO;
				CODE_SIGN_IDENTITY = "";
				COMBINE_HIDPI_IMAGES = YES;
				CONFIGURATION_BUILD_DIR = "$(PROJECT_DIR)/build/$(CONFIGURATION)";
				DEAD_CODE_STRIPPING = YES;
				GCC_GENERATE_DEBUGGING_SYMBOLS = NO;
				GCC_OPTIMIZATION_LEVEL = 3;
				GCC_PREPROCESSOR_DEFINITIONS = (
					"_NDEBUG=1",
					"NDEBUG=1",
					"JUCER_XCODE_MAC_F6D2F4CF=1",
					"JUCE_APP_VERSION=1.0.0",
					"JUCE_APP_VERSION_HEX=0x10000",
					"JucePlugin_Build_VST=0",
					"JucePlugin_Build_VST3=0",
					"JucePlugin_Build_AU=0",
					"JucePlugin_Build_AUv3=0",
					"JucePlugin_Build_RTAS=0",
					"JucePlugin_Build_AAX=0",
					"JucePlugin_Build_Standalone=1",
					"JucePlugin_Build_Unity=0",
				);
				GCC_SYMBOLS_PRIVATE_EXTERN = YES;
				GCC_VERSION = com.apple.compilers.llvm.clang.1_0;
				HEADER_SEARCH_PATHS = (
					"/Users/leofltt/Desktop/JUCE/SDKs/VST_SDK/VST3_SDK",
					"/Users/leofltt/Desktop/JUCE/SDKs/VST_SDK/VST2_SDK/public.sdk/source/vst2.x",
					"../../JuceLibraryCode",
					"/Applications/JUCE/modules",
					"/Applications/JUCE/modules/juce_audio_plugin_client",
					"$(inherited)",
				);
				INFOPLIST_FILE = Info-Standalone_Plugin.plist;
				INFOPLIST_PREPROCESS = NO;
				LLVM_LTO = YES;
				MACOSX_DEPLOYMENT_TARGET = 10.11;
				OTHER_LDFLAGS = "-lbasicSynth";
				PRODUCT_BUNDLE_IDENTIFIER = com.LeoFoletto.basicSynth;
				PRODUCT_NAME = "basicSynth";
				USE_HEADERMAP = NO;
			};
			name = Release;
		};
		45C67F5102B0771B1250031B = {
			isa = XCBuildConfiguration;
			buildSettings = {
				CLANG_CXX_LANGUAGE_STANDARD = "c++14";
				CLANG_CXX_LIBRARY = "libc++";
				CLANG_LINK_OBJC_RUNTIME = NO;
				CODE_SIGN_IDENTITY = "";
				COMBINE_HIDPI_IMAGES = YES;
				CONFIGURATION_BUILD_DIR = "$(PROJECT_DIR)/build/$(CONFIGURATION)";
				COPY_PHASE_STRIP = NO;
				GCC_DYNAMIC_NO_PIC = NO;
				GCC_OPTIMIZATION_LEVEL = 0;
				GCC_PREPROCESSOR_DEFINITIONS = (
					"_DEBUG=1",
					"DEBUG=1",
					"JUCER_XCODE_MAC_F6D2F4CF=1",
					"JUCE_APP_VERSION=1.0.0",
					"JUCE_APP_VERSION_HEX=0x10000",
					"JucePlugin_Build_VST=0",
					"JucePlugin_Build_VST3=1",
					"JucePlugin_Build_AU=1",
					"JucePlugin_Build_AUv3=0",
					"JucePlugin_Build_RTAS=0",
					"JucePlugin_Build_AAX=0",
					"JucePlugin_Build_Standalone=1",
					"JucePlugin_Build_Unity=0",
					"JUCE_SHARED_CODE=1",
				);
				GCC_VERSION = com.apple.compilers.llvm.clang.1_0;
				HEADER_SEARCH_PATHS = (
					"/Users/leofltt/Desktop/JUCE/SDKs/VST_SDK/VST3_SDK",
					"/Users/leofltt/Desktop/JUCE/SDKs/VST_SDK/VST2_SDK/public.sdk/source/vst2.x",
					"../../JuceLibraryCode",
					"/Applications/JUCE/modules",
					"/Users/leofltt/Desktop/JUCE_User_Libraries/Maximilian",
					"/Applications/JUCE/modules/juce_audio_plugin_client",
					"$(inherited)",
				);
				INSTALL_PATH = "@executable_path/../Frameworks";
				MACOSX_DEPLOYMENT_TARGET = 10.11;
				PRODUCT_BUNDLE_IDENTIFIER = com.LeoFoletto.basicSynth;
				PRODUCT_NAME = "basicSynth";
				SKIP_INSTALL = YES;
				USE_HEADERMAP = NO;
			};
			name = Debug;
		};
		35A474783F8F7847DE43C274 = {
			isa = XCBuildConfiguration;
			buildSettings = {
				CLANG_CXX_LANGUAGE_STANDARD = "c++14";
				CLANG_CXX_LIBRARY = "libc++";
				CLANG_LINK_OBJC_RUNTIME = NO;
				CODE_SIGN_IDENTITY = "";
				COMBINE_HIDPI_IMAGES = YES;
				CONFIGURATION_BUILD_DIR = "$(PROJECT_DIR)/build/$(CONFIGURATION)";
				DEAD_CODE_STRIPPING = YES;
				GCC_GENERATE_DEBUGGING_SYMBOLS = NO;
				GCC_OPTIMIZATION_LEVEL = 3;
				GCC_PREPROCESSOR_DEFINITIONS = (
					"_NDEBUG=1",
					"NDEBUG=1",
					"JUCER_XCODE_MAC_F6D2F4CF=1",
					"JUCE_APP_VERSION=1.0.0",
					"JUCE_APP_VERSION_HEX=0x10000",
					"JucePlugin_Build_VST=0",
					"JucePlugin_Build_VST3=1",
					"JucePlugin_Build_AU=1",
					"JucePlugin_Build_AUv3=0",
					"JucePlugin_Build_RTAS=0",
					"JucePlugin_Build_AAX=0",
					"JucePlugin_Build_Standalone=1",
					"JucePlugin_Build_Unity=0",
					"JUCE_SHARED_CODE=1",
				);
				GCC_SYMBOLS_PRIVATE_EXTERN = YES;
				GCC_VERSION = com.apple.compilers.llvm.clang.1_0;
				HEADER_SEARCH_PATHS = (
					"/Users/leofltt/Desktop/JUCE/SDKs/VST_SDK/VST3_SDK",
					"/Users/leofltt/Desktop/JUCE/SDKs/VST_SDK/VST2_SDK/public.sdk/source/vst2.x",
					"../../JuceLibraryCode",
					"/Applications/JUCE/modules",
					"/Applications/JUCE/modules/juce_audio_plugin_client",
					"$(inherited)",
				);
				INSTALL_PATH = "@executable_path/../Frameworks";
				LLVM_LTO = YES;
				MACOSX_DEPLOYMENT_TARGET = 10.11;
				PRODUCT_BUNDLE_IDENTIFIER = com.LeoFoletto.basicSynth;
				PRODUCT_NAME = "basicSynth";
				SKIP_INSTALL = YES;
				USE_HEADERMAP = NO;
			};
			name = Release;
		};
		A7D144502D6264887CED5FBD = {
			isa = XCBuildConfiguration;
			buildSettings = {
				ALWAYS_SEARCH_USER_PATHS = NO;
				CLANG_ENABLE_OBJC_WEAK = YES;
				CLANG_WARN_BLOCK_CAPTURE_AUTORELEASING = YES;
				CLANG_WARN_BOOL_CONVERSION = YES;
				CLANG_WARN_COMMA = YES;
				CLANG_WARN_CONSTANT_CONVERSION = YES;
				CLANG_WARN_DEPRECATED_OBJC_IMPLEMENTATIONS = YES;
				CLANG_WARN_EMPTY_BODY = YES;
				CLANG_WARN_ENUM_CONVERSION = YES;
				CLANG_WARN_INFINITE_RECURSION = YES;
				CLANG_WARN_INT_CONVERSION = YES;
				CLANG_WARN_NON_LITERAL_NULL_CONVERSION = YES;
				CLANG_WARN_OBJC_IMPLICIT_RETAIN_SELF = YES;
				CLANG_WARN_OBJC_LITERAL_CONVERSION = YES;
				CLANG_WARN_RANGE_LOOP_ANALYSIS = YES;
				CLANG_WARN_STRICT_PROTOTYPES = YES;
				CLANG_WARN_SUSPICIOUS_MOVE = YES;
				CLANG_WARN_UNREACHABLE_CODE = YES;
				CLANG_WARN__DUPLICATE_METHOD_MATCH = YES;
				CODE_SIGN_IDENTITY = "";
				DEBUG_INFORMATION_FORMAT = dwarf;
				ENABLE_STRICT_OBJC_MSGSEND = YES;
				ENABLE_TESTABILITY = YES;
				GCC_C_LANGUAGE_STANDARD = c11;
				GCC_INLINES_ARE_PRIVATE_EXTERN = YES;
				GCC_MODEL_TUNING = G5;
				GCC_NO_COMMON_BLOCKS = YES;
				GCC_WARN_64_TO_32_BIT_CONVERSION = YES;
				GCC_WARN_ABOUT_RETURN_TYPE = YES;
				GCC_WARN_CHECK_SWITCH_STATEMENTS = YES;
				GCC_WARN_MISSING_PARENTHESES = YES;
				GCC_WARN_NON_VIRTUAL_DESTRUCTOR = YES;
				GCC_WARN_TYPECHECK_CALLS_TO_PRINTF = YES;
				GCC_WARN_UNDECLARED_SELECTOR = YES;
				GCC_WARN_UNINITIALIZED_AUTOS = YES;
				GCC_WARN_UNUSED_FUNCTION = YES;
				GCC_WARN_UNUSED_VARIABLE = YES;
				ONLY_ACTIVE_ARCH = YES;
				PRODUCT_NAME = "basicSynth";
				WARNING_CFLAGS = "-Wreorder";
				ZERO_LINK = NO;
			};
			name = Debug;
		};
		E76771CAA057ED4B7B076CB4 = {
			isa = XCBuildConfiguration;
			buildSettings = {
				ALWAYS_SEARCH_USER_PATHS = NO;
				CLANG_ENABLE_OBJC_WEAK = YES;
				CLANG_WARN_BLOCK_CAPTURE_AUTORELEASING = YES;
				CLANG_WARN_BOOL_CONVERSION = YES;
				CLANG_WARN_COMMA = YES;
				CLANG_WARN_CONSTANT_CONVERSION = YES;
				CLANG_WARN_DEPRECATED_OBJC_IMPLEMENTATIONS = YES;
				CLANG_WARN_EMPTY_BODY = YES;
				CLANG_WARN_ENUM_CONVERSION = YES;
				CLANG_WARN_INFINITE_RECURSION = YES;
				CLANG_WARN_INT_CONVERSION = YES;
				CLANG_WARN_NON_LITERAL_NULL_CONVERSION = YES;
				CLANG_WARN_OBJC_IMPLICIT_RETAIN_SELF = YES;
				CLANG_WARN_OBJC_LITERAL_CONVERSION = YES;
				CLANG_WARN_RANGE_LOOP_ANALYSIS = YES;
				CLANG_WARN_STRICT_PROTOTYPES = YES;
				CLANG_WARN_SUSPICIOUS_MOVE = YES;
				CLANG_WARN_UNREACHABLE_CODE = YES;
				CLANG_WARN__DUPLICATE_METHOD_MATCH = YES;
				CODE_SIGN_IDENTITY = "";
				DEBUG_INFORMATION_FORMAT = dwarf;
				ENABLE_STRICT_OBJC_MSGSEND = YES;
				GCC_C_LANGUAGE_STANDARD = c11;
				GCC_INLINES_ARE_PRIVATE_EXTERN = YES;
				GCC_MODEL_TUNING = G5;
				GCC_NO_COMMON_BLOCKS = YES;
				GCC_WARN_64_TO_32_BIT_CONVERSION = YES;
				GCC_WARN_ABOUT_RETURN_TYPE = YES;
				GCC_WARN_CHECK_SWITCH_STATEMENTS = YES;
				GCC_WARN_MISSING_PARENTHESES = YES;
				GCC_WARN_NON_VIRTUAL_DESTRUCTOR = YES;
				GCC_WARN_TYPECHECK_CALLS_TO_PRINTF = YES;
				GCC_WARN_UNDECLARED_SELECTOR = YES;
				GCC_WARN_UNINITIALIZED_AUTOS = YES;
				GCC_WARN_UNUSED_FUNCTION = YES;
				GCC_WARN_UNUSED_VARIABLE = YES;
				PRODUCT_NAME = "basicSynth";
				WARNING_CFLAGS = "-Wreorder";
				ZERO_LINK = NO;
			};
			name = Release;
		};
		26BEBC2AB243C176887F10CC = {
			isa = PBXTargetDependency;
			target = 9C6447C695395B67AF420660;
		};
		686B39AF84A1ACB70A92913E = {
			isa = PBXTargetDependency;
			target = 5630FB92B4BC084134190F2B;
		};
		04C2BB60FB04F322C4577EC3 = {
			isa = PBXTargetDependency;
			target = FC9A0FA0CFF219CDC01F1E30;
		};
		22E85B2DD58E787F86085D8A = {
			isa = PBXTargetDependency;
			target = 8D12517BE3D9B079280D3A47;
		};
		DC557E18653464CAFEBF425D = {
			isa = XCConfigurationList;
			buildConfigurations = (
				A7D144502D6264887CED5FBD,
				E76771CAA057ED4B7B076CB4,
			);
			defaultConfigurationIsVisible = 0;
			defaultConfigurationName = Debug;
		};
		E55E6A592F62DCFA7961D75C = {
			isa = XCConfigurationList;
			buildConfigurations = (
				D4BF6D0E85643F5D4B86EF13,
				0E4B1D1E499285E775E23582,
			);
			defaultConfigurationIsVisible = 0;
			defaultConfigurationName = Debug;
		};
		9B92A30BD3A3B8C822AD68BE = {
			isa = PBXAggregateTarget;
			buildConfigurationList = E55E6A592F62DCFA7961D75C;
			buildPhases = ( );
			buildRules = ( );
			dependencies = (
				26BEBC2AB243C176887F10CC,
				686B39AF84A1ACB70A92913E,
				04C2BB60FB04F322C4577EC3,
				22E85B2DD58E787F86085D8A,
			);
			name = "basicSynth - All";
			productName = basicSynth;
		};
		D2D001EC5367FA006718200B = {
			isa = XCConfigurationList;
			buildConfigurations = (
				3E9B0D6E2590D28C68643768,
				7C0800159ECCE1B812A6502C,
			);
			defaultConfigurationIsVisible = 0;
			defaultConfigurationName = Debug;
		};
		C06182B1CD471FA6D9C251A4 = {
			isa = PBXResourcesBuildPhase;
			buildActionMask = 2147483647;
			files = (
				29FFC5FE0E3B49C9F71E9F58,
			);
			runOnlyForDeploymentPostprocessing = 0;
		};
		C8CE6A1F506A664B6550FD72 = {
			isa = PBXSourcesBuildPhase;
			buildActionMask = 2147483647;
			files = (
				46289CB1F13CC9E05B613E5E,
			);
			runOnlyForDeploymentPostprocessing = 0;
		};
		E7C0F08B89F0888615CB0C5A = {
			isa = PBXFrameworksBuildPhase;
			buildActionMask = 2147483647;
			files = (
				19B832584C1F1B9CBC99F113,
				B7CA4CB89AF9E6D8E87D6BCA,
				6340A35545D73BED77F4D967,
				258E5023C2169B08F65A0495,
				1BCEA863E269158C185D90F5,
				2D5D908EE5D4304C349212A3,
				0B0D6E49723A7B26908DC60A,
				079ACE41F64AE8CE7DAA1F4D,
				83F7D4F4470CF5E21DC5E8A0,
				7C867C68E15A0C75003266B4,
				32952CC420D2717FE69B582D,
				7D31FF5E4D70FEE15BC2DAA6,
			);
			runOnlyForDeploymentPostprocessing = 0;
		};
		9C6447C695395B67AF420660 = {
			isa = PBXNativeTarget;
			buildConfigurationList = D2D001EC5367FA006718200B;
			buildPhases = (
				C06182B1CD471FA6D9C251A4,
				C8CE6A1F506A664B6550FD72,
				E7C0F08B89F0888615CB0C5A,
			);
			buildRules = ( );
			dependencies = (
				22E85B2DD58E787F86085D8A,
			);
			name = "basicSynth - VST3";
			productName = basicSynth;
			productReference = 735EAD6F704A3FFFEE4BF104;
			productType = "com.apple.product-type.bundle";
		};
		B74D5E3192A1BBFE6FF6677B = {
			isa = XCConfigurationList;
			buildConfigurations = (
				FDC63C50E8515224EAE04744,
				905A634D284065C1E5E36D33,
			);
			defaultConfigurationIsVisible = 0;
			defaultConfigurationName = Debug;
		};
		584C2499D7D61FFCC5AF7286 = {
			isa = PBXResourcesBuildPhase;
			buildActionMask = 2147483647;
			files = (
				29FFC5FE0E3B49C9F71E9F58,
			);
			runOnlyForDeploymentPostprocessing = 0;
		};
		6E2D7B4B85DC8957A2DA7399 = {
			isa = PBXRezBuildPhase;
			buildActionMask = 2147483647;
			files = (
				56922B0D455F62A9DF44EE19,
			);
			runOnlyForDeploymentPostprocessing = 0;
		};
		2E95E719338A338B661A721A = {
			isa = PBXSourcesBuildPhase;
			buildActionMask = 2147483647;
			files = (
				E8DB28B690820D62A5B3E256,
				13ED134DE25A72F1B1240FCB,
			);
			runOnlyForDeploymentPostprocessing = 0;
		};
		04E29B534B7AB1E269A88573 = {
			isa = PBXFrameworksBuildPhase;
			buildActionMask = 2147483647;
			files = (
				19B832584C1F1B9CBC99F113,
				B7CA4CB89AF9E6D8E87D6BCA,
				7DC4A7B324083F37C2E5AB56,
				6340A35545D73BED77F4D967,
				258E5023C2169B08F65A0495,
				1BCEA863E269158C185D90F5,
				2D5D908EE5D4304C349212A3,
				0B0D6E49723A7B26908DC60A,
				079ACE41F64AE8CE7DAA1F4D,
				83F7D4F4470CF5E21DC5E8A0,
				7C867C68E15A0C75003266B4,
				32952CC420D2717FE69B582D,
				7D31FF5E4D70FEE15BC2DAA6,
			);
			runOnlyForDeploymentPostprocessing = 0;
		};
		5630FB92B4BC084134190F2B = {
			isa = PBXNativeTarget;
			buildConfigurationList = B74D5E3192A1BBFE6FF6677B;
			buildPhases = (
				584C2499D7D61FFCC5AF7286,
				6E2D7B4B85DC8957A2DA7399,
				2E95E719338A338B661A721A,
				04E29B534B7AB1E269A88573,
			);
			buildRules = ( );
			dependencies = (
				22E85B2DD58E787F86085D8A,
			);
			name = "basicSynth - AU";
			productName = basicSynth;
			productReference = F8B2475686DD07CCCCEC5822;
			productType = "com.apple.product-type.bundle";
		};
		2D2510E498FD70297F1A964D = {
			isa = XCConfigurationList;
			buildConfigurations = (
				5E4161536D1CC04C97E9A78E,
				9BD7EBF7BD4B8BEBDF500C95,
			);
			defaultConfigurationIsVisible = 0;
			defaultConfigurationName = Debug;
		};
		10F656EF45325DEDEA66F468 = {
			isa = PBXResourcesBuildPhase;
			buildActionMask = 2147483647;
			files = (
				29FFC5FE0E3B49C9F71E9F58,
			);
			runOnlyForDeploymentPostprocessing = 0;
		};
		D01658E0B3EF39846FC99FD5 = {
			isa = PBXSourcesBuildPhase;
			buildActionMask = 2147483647;
			files = (
				E7A3F4E9F3530CAC713CF283,
			);
			runOnlyForDeploymentPostprocessing = 0;
		};
		4A154D4697CF9E70D3EDFF91 = {
			isa = PBXFrameworksBuildPhase;
			buildActionMask = 2147483647;
			files = (
				19B832584C1F1B9CBC99F113,
				B7CA4CB89AF9E6D8E87D6BCA,
				6340A35545D73BED77F4D967,
				258E5023C2169B08F65A0495,
				1BCEA863E269158C185D90F5,
				2D5D908EE5D4304C349212A3,
				0B0D6E49723A7B26908DC60A,
				079ACE41F64AE8CE7DAA1F4D,
				83F7D4F4470CF5E21DC5E8A0,
				7C867C68E15A0C75003266B4,
				32952CC420D2717FE69B582D,
				7D31FF5E4D70FEE15BC2DAA6,
			);
			runOnlyForDeploymentPostprocessing = 0;
		};
		FC9A0FA0CFF219CDC01F1E30 = {
			isa = PBXNativeTarget;
			buildConfigurationList = 2D2510E498FD70297F1A964D;
			buildPhases = (
				10F656EF45325DEDEA66F468,
				D01658E0B3EF39846FC99FD5,
				4A154D4697CF9E70D3EDFF91,
			);
			buildRules = ( );
			dependencies = (
				22E85B2DD58E787F86085D8A,
			);
			name = "basicSynth - Standalone Plugin";
			productName = basicSynth;
			productReference = 906FFA6306841DBE43B03689;
			productType = "com.apple.product-type.application";
		};
		51799312D9309109C6AD2ED6 = {
			isa = XCConfigurationList;
			buildConfigurations = (
				45C67F5102B0771B1250031B,
				35A474783F8F7847DE43C274,
			);
			defaultConfigurationIsVisible = 0;
			defaultConfigurationName = Debug;
		};
		9C4725B7CC78D24C8ECA685A = {
			isa = PBXSourcesBuildPhase;
			buildActionMask = 2147483647;
			files = (
				C434815EE8A21D478618F8E9,
				3BFDC685BCCDB8752235CA2E,
				52822A82145FE44764B69D69,
				84DB5EC3C5A4A0AFEC0E8950,
				A04126C2382987E7851D3DA8,
				D25025439C2A5DB4AC852C16,
				1DC53744B42F5EA920BD605D,
				40EFA3D8F4684EB7FC787917,
				2C962EBB4F3410045A1C4F85,
				A0601800E572CAEB925E0B27,
				A2FC31AF18C23068E25F892C,
				EBE7606E566CF1A1D3A48AE3,
				8EBA3CF0CD1BB04D5C70371B,
				5B25B0AE13FD20525B825769,
				3A180E9EB7F12A28F96FE12A,
				99CADAFF6CA44B0B93FB7A98,
				CB0F0520CD7FD9925C6B8EE9,
				DE06F324837B55A918057162,
				ED074B602379EE78A0AB10E0,
				91F4096C4DA25C81478611AE,
				4C1F4C65028D047793BFB661,
				551C7F3EA5DB8DB1FAC2F9B8,
				BE1DD7505CF99948A9863DD5,
				0E16BE69AC9CD57831C19174,
				C4FF987093FA28AAA0D5C6F0,
				0A82457D62CD6CCE23557F15,
				67E39EFD794CA2BF52E0CF40,
				7B73D622B0EC8977D68658A6,
			);
			runOnlyForDeploymentPostprocessing = 0;
		};
		8D12517BE3D9B079280D3A47 = {
			isa = PBXNativeTarget;
			buildConfigurationList = 51799312D9309109C6AD2ED6;
			buildPhases = (
				9C4725B7CC78D24C8ECA685A,
			);
			buildRules = ( );
			dependencies = ( );
			name = "basicSynth - Shared Code";
			productName = basicSynth;
			productReference = B3492646387D70C535465EC2;
			productType = "com.apple.product-type.library.static";
		};
		4FD5D8E1BD5977F069B606FE = {
			isa = PBXProject;
			buildConfigurationList = DC557E18653464CAFEBF425D;
			attributes = { LastUpgradeCheck = 1100; ORGANIZATIONNAME = "Leo Foletto"; TargetAttributes = { 9B92A30BD3A3B8C822AD68BE = { SystemCapabilities = {com.apple.ApplicationGroups.iOS = { enabled = 0; }; com.apple.InAppPurchase = { enabled = 0; }; com.apple.InterAppAudio = { enabled = 0; }; com.apple.Push = { enabled = 0; }; com.apple.Sandbox = { enabled = 0; }; com.apple.HardenedRuntime = { enabled = 0; }; }; };9C6447C695395B67AF420660 = { SystemCapabilities = {com.apple.ApplicationGroups.iOS = { enabled = 0; }; com.apple.InAppPurchase = { enabled = 0; }; com.apple.InterAppAudio = { enabled = 0; }; com.apple.Push = { enabled = 0; }; com.apple.Sandbox = { enabled = 0; }; com.apple.HardenedRuntime = { enabled = 0; }; }; };5630FB92B4BC084134190F2B = { SystemCapabilities = {com.apple.ApplicationGroups.iOS = { enabled = 0; }; com.apple.InAppPurchase = { enabled = 0; }; com.apple.InterAppAudio = { enabled = 0; }; com.apple.Push = { enabled = 0; }; com.apple.Sandbox = { enabled = 0; }; com.apple.HardenedRuntime = { enabled = 0; }; }; };FC9A0FA0CFF219CDC01F1E30 = { SystemCapabilities = {com.apple.ApplicationGroups.iOS = { enabled = 0; }; com.apple.InAppPurchase = { enabled = 0; }; com.apple.InterAppAudio = { enabled = 0; }; com.apple.Push = { enabled = 0; }; com.apple.Sandbox = { enabled = 0; }; com.apple.HardenedRuntime = { enabled = 0; }; }; };8D12517BE3D9B079280D3A47 = { SystemCapabilities = {com.apple.ApplicationGroups.iOS = { enabled = 0; }; com.apple.InAppPurchase = { enabled = 0; }; com.apple.InterAppAudio = { enabled = 0; }; com.apple.Push = { enabled = 0; }; com.apple.Sandbox = { enabled = 0; }; com.apple.HardenedRuntime = { enabled = 0; }; }; }; }; };
			compatibilityVersion = "Xcode 3.2";
			hasScannedForEncodings = 0;
			mainGroup = ADDF422D66E1D222C8B32FD3;
			projectDirPath = "";
			projectRoot = "";
			targets = (9B92A30BD3A3B8C822AD68BE, 9C6447C695395B67AF420660, 5630FB92B4BC084134190F2B, FC9A0FA0CFF219CDC01F1E30, 8D12517BE3D9B079280D3A47);
			knownRegions = (en, Base);
		};
	};
	rootObject = 4FD5D8E1BD5977F069B606FE;
}
